{
  "object": {
    "pins": [
      {
        "package": "Cartography",
        "repositoryURL": "https://github.com/robb/Cartography.git",
        "state": {
          "branch": null,
          "revision": "b75197ea134f42b5feafb04b526b37eb1a41034b",
          "version": "4.0.0"
        }
      },
      {
        "package": "GoogleMapsTileOverlay",
        "repositoryURL": "https://github.com/thepeaklab/GoogleMapsTileOverlay.git",
        "state": {
          "branch": null,
          "revision": "a31bd418be8e49b7b118d93f1e79b3a91407e82a",
          "version": "0.5.0"
        }
      },
      {
        "package": "Logger",
        "repositoryURL": "https://github.com/f-meloni/Logger",
        "state": {
          "branch": null,
          "revision": "53c3ecca5abe8cf46697e33901ee774236d94cce",
          "version": "0.2.3"
        }
      },
      {
        "package": "Nimble",
        "repositoryURL": "https://github.com/Quick/Nimble.git",
        "state": {
          "branch": null,
          "revision": "72f5a90d573f7f7d70aa6b8ad84b3e1e02eabb4d",
          "version": "8.0.9"
        }
      },
      {
        "package": "PackageConfig",
        "repositoryURL": "https://github.com/shibapm/PackageConfig.git",
        "state": {
          "branch": null,
          "revision": "fd0829aac9851434b3d2db0890e27bc489fc973a",
          "version": "0.12.2"
        }
      },
      {
        "package": "Quick",
        "repositoryURL": "https://github.com/Quick/Quick.git",
        "state": {
          "branch": null,
          "revision": "33682c2f6230c60614861dfc61df267e11a1602f",
          "version": "2.2.0"
        }
      },
      {
        "package": "Rocket",
        "repositoryURL": "https://github.com/shibapm/Rocket",
        "state": {
          "branch": null,
          "revision": "f75c9736733b489a3456b4f3a47cf13adb99f197",
          "version": "0.9.2"
        }
      },
      {
        "package": "RxGesture",
        "repositoryURL": "https://github.com/RxSwiftCommunity/RxGesture.git",
        "state": {
          "branch": null,
          "revision": "867f176b6695829e350fafc00b5a849bb46a1857",
          "version": "3.0.3"
        }
      },
      {
        "package": "RxOptional",
        "repositoryURL": "https://github.com/RxSwiftCommunity/RxOptional.git",
        "state": {
          "branch": null,
          "revision": "98a1895918e9ba9735a15207dd9c7120e9f51843",
          "version": "4.1.0"
        }
      },
      {
        "package": "RxSwift",
        "repositoryURL": "https://github.com/ReactiveX/RxSwift.git",
        "state": {
          "branch": null,
          "revision": "002d325b0bdee94e7882e1114af5ff4fe1e96afa",
          "version": "5.1.1"
        }
      },
      {
        "package": "SwiftShell",
        "repositoryURL": "https://github.com/kareman/SwiftShell",
        "state": {
          "branch": null,
          "revision": "beebe43c986d89ea5359ac3adcb42dac94e5e08a",
          "version": "4.1.2"
        }
      },
      {
        "package": "Yams",
        "repositoryURL": "https://github.com/jpsim/Yams",
        "state": {
          "branch": null,
          "revision": "c947a306d2e80ecb2c0859047b35c73b8e1ca27f",
          "version": "2.0.0"
        }
      }
    ]
  },
  "version": 1
}
